
Microsoft Visual Studio Solution File, Format Version 12.00
# Visual Studio Version 17
VisualStudioVersion = 17.3.32819.101
MinimumVisualStudioVersion = 10.0.40219.1
Project("{FAE04EC0-301F-11D3-BF4B-00C04F79EFBC}") = "ToDoItems", "ToDoItems\ToDoItems.csproj", "{6C051A82-6A18-430F-B61D-274F325E4842}"
EndProject
Global
	GlobalSection(SolutionConfigurationPlatforms) = preSolution
		Debug|Any CPU = Debug|Any CPU
		Release|Any CPU = Release|Any CPU
	EndGlobalSection
	GlobalSection(ProjectConfigurationPlatforms) = postSolution
		{6C051A82-6A18-430F-B61D-274F325E4842}.Debug|Any CPU.ActiveCfg = Debug|Any CPU
		{6C051A82-6A18-430F-B61D-274F325E4842}.Debug|Any CPU.Build.0 = Debug|Any CPU
		{6C051A82-6A18-430F-B61D-274F325E4842}.Release|Any CPU.ActiveCfg = Release|Any CPU
		{6C051A82-6A18-430F-B61D-274F325E4842}.Release|Any CPU.Build.0 = Release|Any CPU
	EndGlobalSection
	GlobalSection(SolutionProperties) = preSolution
		HideSolutionNode = FALSE
	EndGlobalSection
	GlobalSection(ExtensibilityGlobals) = postSolution
		SolutionGuid = {B36CB8A4-B358-4FE2-B982-93EF98C9E129}
	EndGlobalSection
EndGlobal
